
Microsoft Visual Studio Solution File, Format Version 12.00
# Visual Studio Version 17
VisualStudioVersion = 17.5.002.0
MinimumVisualStudioVersion = 10.0.40219.1
Project("{9A19103F-16F7-4668-BE54-9A1E7A4F7556}") = "KhaiBaoVaSuDungBien", "KhaiBaoVaSuDungBien.csproj", "{164F4E55-A994-4B85-A730-317D5186760B}"
EndProject
Global
	GlobalSection(SolutionConfigurationPlatforms) = preSolution
		Debug|Any CPU = Debug|Any CPU
		Release|Any CPU = Release|Any CPU
	EndGlobalSection
	GlobalSection(ProjectConfigurationPlatforms) = postSolution
		{164F4E55-A994-4B85-A730-317D5186760B}.Debug|Any CPU.ActiveCfg = Debug|Any CPU
		{164F4E55-A994-4B85-A730-317D5186760B}.Debug|Any CPU.Build.0 = Debug|Any CPU
		{164F4E55-A994-4B85-A730-317D5186760B}.Release|Any CPU.ActiveCfg = Release|Any CPU
		{164F4E55-A994-4B85-A730-317D5186760B}.Release|Any CPU.Build.0 = Release|Any CPU
	EndGlobalSection
	GlobalSection(SolutionProperties) = preSolution
		HideSolutionNode = FALSE
	EndGlobalSection
	GlobalSection(ExtensibilityGlobals) = postSolution
		SolutionGuid = {76097F9E-8361-428C-B98A-6F34ADA10414}
	EndGlobalSection
EndGlobal
